
Microsoft Visual Studio Solution File, Format Version 12.00
# Visual Studio Version 16
VisualStudioVersion = 16.0.30907.101
MinimumVisualStudioVersion = 10.0.40219.1
Project("{9A19103F-16F7-4668-BE54-9A1E7A4F7556}") = "Завдання 1", "Завдання 1\Завдання 1.csproj", "{6E2EFA6E-AFF2-426F-BC0A-FD4594674486}"
EndProject
Project("{9A19103F-16F7-4668-BE54-9A1E7A4F7556}") = "Завдання 2", "Завдання 2\Завдання 2.csproj", "{9ED6DB65-5E5B-4B0F-B27B-CD20BD1EC0B2}"
EndProject
Project("{FAE04EC0-301F-11D3-BF4B-00C04F79EFBC}") = "Завдання 4", "Завдання 4\Завдання 4.csproj", "{F4E7271E-869A-4C26-A3C5-2F1C25654EC0}"
EndProject
Global
	GlobalSection(SolutionConfigurationPlatforms) = preSolution
		Debug|Any CPU = Debug|Any CPU
		Release|Any CPU = Release|Any CPU
	EndGlobalSection
	GlobalSection(ProjectConfigurationPlatforms) = postSolution
		{6E2EFA6E-AFF2-426F-BC0A-FD4594674486}.Debug|Any CPU.ActiveCfg = Debug|Any CPU
		{6E2EFA6E-AFF2-426F-BC0A-FD4594674486}.Debug|Any CPU.Build.0 = Debug|Any CPU
		{6E2EFA6E-AFF2-426F-BC0A-FD4594674486}.Release|Any CPU.ActiveCfg = Release|Any CPU
		{6E2EFA6E-AFF2-426F-BC0A-FD4594674486}.Release|Any CPU.Build.0 = Release|Any CPU
		{9ED6DB65-5E5B-4B0F-B27B-CD20BD1EC0B2}.Debug|Any CPU.ActiveCfg = Debug|Any CPU
		{9ED6DB65-5E5B-4B0F-B27B-CD20BD1EC0B2}.Debug|Any CPU.Build.0 = Debug|Any CPU
		{9ED6DB65-5E5B-4B0F-B27B-CD20BD1EC0B2}.Release|Any CPU.ActiveCfg = Release|Any CPU
		{9ED6DB65-5E5B-4B0F-B27B-CD20BD1EC0B2}.Release|Any CPU.Build.0 = Release|Any CPU
		{F4E7271E-869A-4C26-A3C5-2F1C25654EC0}.Debug|Any CPU.ActiveCfg = Debug|Any CPU
		{F4E7271E-869A-4C26-A3C5-2F1C25654EC0}.Debug|Any CPU.Build.0 = Debug|Any CPU
		{F4E7271E-869A-4C26-A3C5-2F1C25654EC0}.Release|Any CPU.ActiveCfg = Release|Any CPU
		{F4E7271E-869A-4C26-A3C5-2F1C25654EC0}.Release|Any CPU.Build.0 = Release|Any CPU
	EndGlobalSection
	GlobalSection(SolutionProperties) = preSolution
		HideSolutionNode = FALSE
	EndGlobalSection
	GlobalSection(ExtensibilityGlobals) = postSolution
		SolutionGuid = {BEF8B17F-029C-460F-ABB6-94D4B7794B51}
	EndGlobalSection
EndGlobal
